# This file is auto-generated by `gluon vendor`. Do not edit.

version = 1

[[package]]
name = "bitflags"
version = "2.11.0"
source = "crates-io"
checksum = "8b53ca3634786bf4591edc26aa2c93b4dde1e4ef52b9da47ab6466e85af92db7"
dependencies = ["bytemuck"]

[[package]]
name = "bytemuck"
version = "1.22.0"
source = "crates-io"
checksum = "5274180f99af4671cceb96c772e0b8cccc07169204cd4181727c8c56cd8ea285"
dependencies = ["bytemuck_derive"]

[[package]]
name = "bytemuck_derive"
version = "1.4.1"
source = "crates-io"
checksum = "e98369abdd3b7464b84ea1082413b958638c992273deb88cd0a303d0bdde4f95"
dependencies = [
    "proc-macro2",
    "quote",
    "syn",
]

[[package]]
name = "cfg-if"
version = "1.0.0"
source = "crates-io"
checksum = "4454d6b92e5bb2fe4413a8fc1283c19112368069d3c145c958385d9ac037214f"

[[package]]
name = "hadris-common"
version = "1.0.1"
source = "crates-io"
checksum = "eec78e1561a266a7567bce88eb07b07929d6e04c8c1ab67e52f953c8d567d6ae"
dependencies = [
    "bytemuck",
    "hadris-io",
    "noalloc",
]

[[package]]
name = "hadris-cpio"
version = "1.0.1"
source = "crates-io"
checksum = "6f5489ed1d1e4a21f89a5612a281ad6a20f7775af6c5ac6374c976b200509fdf"
dependencies = [
    "hadris-common",
    "hadris-io",
    "hadris-macros",
]

[[package]]
name = "hadris-fat"
version = "1.0.1"
source = "crates-io"
checksum = "a02d780f0d5dc2949892076b79b445de869caac6205c6de4d8f83b503f0d6213"
dependencies = [
    "bitflags",
    "bytemuck",
    "hadris-common",
    "hadris-io",
    "hadris-macros",
    "spin",
]

[[package]]
name = "hadris-io"
version = "1.0.1"
source = "crates-io"
checksum = "5c1d43cd68407797f776f427f646f756f74b4962a9a86558c7316bf2916b45ef"
dependencies = [
    "bytemuck",
    "cfg-if",
]

[[package]]
name = "hadris-iso"
version = "1.0.1"
source = "crates-io"
checksum = "27202f0c503b3dc98741c7452439874fe96208c86e0aaf055e741d63783d6e77"
dependencies = [
    "bitflags",
    "bytemuck",
    "hadris-common",
    "hadris-io",
    "hadris-macros",
    "hadris-part",
    "spin",
]

[[package]]
name = "hadris-macros"
version = "1.0.1"
source = "crates-io"
checksum = "7d9eb77e310510c83b816b42c50526d635c7812f29656d1fbf08eb01592332d9"
dependencies = ["proc-macro2"]

[[package]]
name = "hadris-part"
version = "1.0.1"
source = "crates-io"
checksum = "0652eef38cbc886bf3279bded31328ca6567a0fec62e8b5d6fd7c3ee4c3fe7af"
dependencies = [
    "bytemuck",
    "hadris-io",
    "hadris-macros",
]

[[package]]
name = "lock_api"
version = "0.4.14"
source = "crates-io"
checksum = "c3e27e8dcadf36a79b64bee048feb1da6e3d7e8004db6db064892c4230ef3ee0"
dependencies = ["scopeguard"]

[[package]]
name = "noalloc"
version = "0.0.1"
source = "crates-io"
checksum = "7ea18a98c3f06efad7d9f3b407c13f8da4828bbf7e489141d506c2e83623e0e6"

[[package]]
name = "planck-noalloc"
version = "0.1.1"
source = "crates-io"
checksum = "672ac4e66d2588992f7d99fba3c8a37fffe4bf9757316f2d91eb5229f84162a2"

[[package]]
name = "proc-macro2"
version = "1.0.106"
source = "crates-io"
checksum = "55dd14f287aa987f0834a86bc2a24604fa086ee8e172e3b000bf0f6a61cdc17b"
dependencies = ["unicode-ident"]

[[package]]
name = "quote"
version = "1.0.35"
source = "crates-io"
checksum = "ddad7525eb41d21c43f47197d506895519f01f2600ef59763a30ec92f1b4d4ee"
dependencies = ["proc-macro2"]

[[package]]
name = "scopeguard"
version = "1.1.0"
source = "crates-io"
checksum = "ed909c57030e64e3f693b944807443d475fd4385162e1aa826a2d8afbc4881f3"

[[package]]
name = "spin"
version = "0.10.0"
source = "crates-io"
checksum = "9a452eab87e07c9fffcd0acc355376a9ae75cc4e3e01130a73b5d87212da199f"
dependencies = ["lock_api"]

[[package]]
name = "syn"
version = "2.0.116"
source = "crates-io"
checksum = "2e5f495e05d3ac8ce9b12cd180c654b4387ba18da8353b6e84090ca7639764d9"
dependencies = [
    "proc-macro2",
    "quote",
    "unicode-ident",
]

[[package]]
name = "unicode-ident"
version = "1.0.24"
source = "crates-io"
checksum = "f1da8d44c3e3006aca526afce3cd01be3d742a2820acd98e2de958cdaaeaa20b"
