# This file is auto-generated by `gluon vendor`. Do not edit.

version = 1

[[package]]
name = "bitflags"
version = "2.11.0"
source = "crates-io"
checksum = "6523d30d6b809c93c87daf1f8f1c58f84e34f7b89188be04565f0e30878ee20c"
dependencies = ["bytemuck"]

[[package]]
name = "bytemuck"
version = "1.25.0"
source = "crates-io"
checksum = "79009bad968c67ecc0bcd3fdd9d4767fe6046e155c7fb009a1ff335071f8f05d"
dependencies = ["bytemuck_derive"]

[[package]]
name = "bytemuck_derive"
version = "1.10.2"
source = "crates-io"
checksum = "054332e08033403bb6fd06cdd5963160bcd508d96eb99bdf692e37ae311d3eab"
dependencies = [
    "proc-macro2",
    "quote",
    "syn",
]

[[package]]
name = "cfg-if"
version = "1.0.4"
source = "crates-io"
checksum = "74c24732bfbc12472c37813e49c1a166e181ea809f8dffb019209acf159de050"

[[package]]
name = "hadris-common"
version = "1.0.0"
source = "git+https://github.com/hxyulin/hadris#88fd9890"
checksum = "064a235a097b029c5e0ac7268994130b915a85e2fe0a0716c3588aa1fe1ef2f2"
dependencies = [
    "bytemuck",
    "hadris-io",
    "noalloc",
]

[[package]]
name = "hadris-cpio"
version = "1.0.0"
source = "git+https://github.com/hxyulin/hadris#88fd9890"
checksum = "2227fd22917c5d5fb02d58088d6e72719bf8c2fe2680a2b29a22f074d2c1e480"
dependencies = [
    "hadris-common",
    "hadris-io",
]

[[package]]
name = "hadris-fat"
version = "1.0.0"
source = "git+https://github.com/hxyulin/hadris#88fd9890"
checksum = "d38e151f3397b23e700fea2402b8c0906434a442629686e240a8675a717eac89"
dependencies = [
    "bitflags",
    "bytemuck",
    "hadris-common",
    "hadris-io",
    "spin",
]

[[package]]
name = "hadris-io"
version = "1.0.0"
source = "git+https://github.com/hxyulin/hadris#88fd9890"
checksum = "7019278154440cdbf6837af1c054e5d6cdb74b8d4890b44312e5642fa2e99dbb"
dependencies = [
    "bytemuck",
    "cfg-if",
]

[[package]]
name = "hadris-iso"
version = "1.0.0"
source = "git+https://github.com/hxyulin/hadris#88fd9890"
checksum = "9b89ccfd615455c7c70ce43edbdc57d49e5206b7a064771e816d615a7c9a8271"
dependencies = [
    "bitflags",
    "bytemuck",
    "hadris-common",
    "hadris-io",
    "hadris-part",
    "spin",
]

[[package]]
name = "hadris-part"
version = "1.0.0"
source = "git+https://github.com/hxyulin/hadris#88fd9890"
checksum = "cff4795c027d20f4fe8e2a213c0990e3524324972c09243fd4677020a556d167"
dependencies = [
    "bytemuck",
    "hadris-io",
]

[[package]]
name = "lock_api"
version = "0.4"
source = "crates-io"
checksum = "c677a87a35dfd39abf271fa5bb19a013b807d2826037167d0559a52a09fd4b4f"
dependencies = ["scopeguard"]

[[package]]
name = "noalloc"
version = "0.0.1"
source = "crates-io"
checksum = "41bbdcfe09558c8875b728ed070a9d622ad934245a7342dda14a92a506afc36c"

[[package]]
name = "proc-macro2"
version = "1.0.106"
source = "crates-io"
checksum = "2f33807c410a4070dfaeb5fd88b1a9135128ad26bafd9d4ae5c8243aaa9bbbee"
dependencies = ["unicode-ident"]

[[package]]
name = "quote"
version = "1.0.35"
source = "crates-io"
checksum = "db3a297c5e9a2773ecff836ef4f6157f68688ff0dc20dc1bb4066410d846e286"
dependencies = ["proc-macro2"]

[[package]]
name = "scopeguard"
version = "1.1.0"
source = "crates-io"
checksum = "b8e340e818b4df7db9e1b49680687b92975e5254765df4f687d7359f65d4806c"

[[package]]
name = "spin"
version = "0.10.0"
source = "crates-io"
checksum = "48402dd9806f887b7fde1d25183010bc7308410d0ef4eacd14b2f9cee56974bd"
dependencies = ["lock_api"]

[[package]]
name = "syn"
version = "2.0.116"
source = "crates-io"
checksum = "9ca3afa2dcb675b9275fcf9ebee98837935b1d6cab11d84d037ad25b02b65f51"
dependencies = [
    "proc-macro2",
    "quote",
    "unicode-ident",
]

[[package]]
name = "unicode-ident"
version = "1.0"
source = "crates-io"
checksum = "64080a8b8eeae284a4c42ad033669bdefa1c67f0b613482f22a3d27cf949de20"
