# This file is auto-generated by `gluon vendor`. Do not edit.

version = 1

[[package]]
name = "bitflags"
version = "2.11.0"
source = "crates-io"
checksum = "6523d30d6b809c93c87daf1f8f1c58f84e34f7b89188be04565f0e30878ee20c"
dependencies = ["bytemuck"]

[[package]]
name = "bytemuck"
version = "1.25.0"
source = "crates-io"
checksum = "79009bad968c67ecc0bcd3fdd9d4767fe6046e155c7fb009a1ff335071f8f05d"
dependencies = ["bytemuck_derive"]

[[package]]
name = "bytemuck_derive"
version = "1.10.2"
source = "crates-io"
checksum = "8d9bd70ecc2b3b10360689dd2952d6787fe41afe03c0e041f2c5c618ca70d166"
dependencies = [
    "proc-macro2",
    "quote",
    "syn",
]

[[package]]
name = "cfg-if"
version = "1.0.4"
source = "crates-io"
checksum = "74c24732bfbc12472c37813e49c1a166e181ea809f8dffb019209acf159de050"

[[package]]
name = "hadris-common"
version = "1.0.1"
source = "crates-io"
checksum = "eec78e1561a266a7567bce88eb07b07929d6e04c8c1ab67e52f953c8d567d6ae"
dependencies = [
    "bytemuck",
    "hadris-io",
    "noalloc",
]

[[package]]
name = "hadris-cpio"
version = "1.0.1"
source = "crates-io"
checksum = "6f5489ed1d1e4a21f89a5612a281ad6a20f7775af6c5ac6374c976b200509fdf"
dependencies = [
    "hadris-common",
    "hadris-io",
    "hadris-macros",
]

[[package]]
name = "hadris-fat"
version = "1.0.1"
source = "crates-io"
checksum = "a02d780f0d5dc2949892076b79b445de869caac6205c6de4d8f83b503f0d6213"
dependencies = [
    "bitflags",
    "bytemuck",
    "hadris-common",
    "hadris-io",
    "hadris-macros",
    "spin",
]

[[package]]
name = "hadris-io"
version = "1.0.1"
source = "crates-io"
checksum = "5c1d43cd68407797f776f427f646f756f74b4962a9a86558c7316bf2916b45ef"
dependencies = [
    "bytemuck",
    "cfg-if",
]

[[package]]
name = "hadris-iso"
version = "1.0.1"
source = "crates-io"
checksum = "27202f0c503b3dc98741c7452439874fe96208c86e0aaf055e741d63783d6e77"
dependencies = [
    "bitflags",
    "bytemuck",
    "hadris-common",
    "hadris-io",
    "hadris-macros",
    "hadris-part",
    "spin",
]

[[package]]
name = "hadris-macros"
version = "1.0.1"
source = "crates-io"
checksum = "7d9eb77e310510c83b816b42c50526d635c7812f29656d1fbf08eb01592332d9"
dependencies = ["proc-macro2"]

[[package]]
name = "hadris-part"
version = "1.0.1"
source = "crates-io"
checksum = "0652eef38cbc886bf3279bded31328ca6567a0fec62e8b5d6fd7c3ee4c3fe7af"
dependencies = [
    "bytemuck",
    "hadris-io",
    "hadris-macros",
]

[[package]]
name = "lock_api"
version = "0.4.14"
source = "crates-io"
checksum = "c3e27e8dcadf36a79b64bee048feb1da6e3d7e8004db6db064892c4230ef3ee0"
dependencies = ["scopeguard"]

[[package]]
name = "noalloc"
version = "0.0.1"
source = "crates-io"
checksum = "41bbdcfe09558c8875b728ed070a9d622ad934245a7342dda14a92a506afc36c"

[[package]]
name = "proc-macro2"
version = "1.0.106"
source = "crates-io"
checksum = "2f33807c410a4070dfaeb5fd88b1a9135128ad26bafd9d4ae5c8243aaa9bbbee"
dependencies = ["unicode-ident"]

[[package]]
name = "quote"
version = "1.0.35"
source = "crates-io"
checksum = "db3a297c5e9a2773ecff836ef4f6157f68688ff0dc20dc1bb4066410d846e286"
dependencies = ["proc-macro2"]

[[package]]
name = "scopeguard"
version = "1.1.0"
source = "crates-io"
checksum = "ed909c57030e64e3f693b944807443d475fd4385162e1aa826a2d8afbc4881f3"

[[package]]
name = "spin"
version = "0.10.0"
source = "crates-io"
checksum = "9a452eab87e07c9fffcd0acc355376a9ae75cc4e3e01130a73b5d87212da199f"
dependencies = ["lock_api"]

[[package]]
name = "syn"
version = "2.0.116"
source = "crates-io"
checksum = "9ca3afa2dcb675b9275fcf9ebee98837935b1d6cab11d84d037ad25b02b65f51"
dependencies = [
    "proc-macro2",
    "quote",
    "unicode-ident",
]

[[package]]
name = "unicode-ident"
version = "1.0.24"
source = "crates-io"
checksum = "64080a8b8eeae284a4c42ad033669bdefa1c67f0b613482f22a3d27cf949de20"
